
Microsoft Visual Studio Solution File, Format Version 12.00
# Visual Studio 2013
VisualStudioVersion = 12.0.30501.0
MinimumVisualStudioVersion = 10.0.40219.1
Project("{FAE04EC0-301F-11D3-BF4B-00C04F79EFBC}") = "UILHost.Tests", "UILHost.Tests\UILHost.Tests.csproj", "{D4B1D307-FFAD-4F34-87FE-AC582D170C85}"
EndProject
Project("{2150E333-8FDC-42A3-9474-1A3956D46DE8}") = "PublishScripts", "PublishScripts", "{15E12418-E371-432C-B6D9-5670A6D9F979}"
	ProjectSection(SolutionItems) = preProject
		PublishScripts\AzureWebsitePublishModule.psm1 = PublishScripts\AzureWebsitePublishModule.psm1
		PublishScripts\Publish-WebApplicationWebsite.ps1 = PublishScripts\Publish-WebApplicationWebsite.ps1
	EndProjectSection
EndProject
Project("{2150E333-8FDC-42A3-9474-1A3956D46DE8}") = "Configurations", "Configurations", "{CDECD8D0-6FC5-4934-AB96-DF2A36BD323C}"
	ProjectSection(SolutionItems) = preProject
		PublishScripts\Configurations\UILHost-WAWS-dev.json = PublishScripts\Configurations\UILHost-WAWS-dev.json
	EndProjectSection
EndProject
Project("{FAE04EC0-301F-11D3-BF4B-00C04F79EFBC}") = "UILHost.Infrastructure", "UILHost.Infrastructure\UILHost.Infrastructure.csproj", "{13309CF3-6204-4613-BB4C-B3DAD536D159}"
EndProject
Project("{FAE04EC0-301F-11D3-BF4B-00C04F79EFBC}") = "UILHost.Web", "UILHost.Web\UILHost.Web.csproj", "{150DEAD7-71C9-483A-A6E5-EF7F77C9446D}"
EndProject
Project("{2150E333-8FDC-42A3-9474-1A3956D46DE8}") = "Framework", "Framework", "{906761B1-A0A6-4F0F-96A0-0C34F5A7034D}"
EndProject
Project("{FAE04EC0-301F-11D3-BF4B-00C04F79EFBC}") = "UILHost.Common", "UILHost.Common\UILHost.Common.csproj", "{2B383332-340A-43E9-985E-2AEAA5F58E16}"
EndProject
Global
	GlobalSection(SolutionConfigurationPlatforms) = preSolution
		Debug|Any CPU = Debug|Any CPU
		Release|Any CPU = Release|Any CPU
	EndGlobalSection
	GlobalSection(ProjectConfigurationPlatforms) = postSolution
		{D4B1D307-FFAD-4F34-87FE-AC582D170C85}.Debug|Any CPU.ActiveCfg = Debug|Any CPU
		{D4B1D307-FFAD-4F34-87FE-AC582D170C85}.Debug|Any CPU.Build.0 = Debug|Any CPU
		{D4B1D307-FFAD-4F34-87FE-AC582D170C85}.Release|Any CPU.ActiveCfg = Release|Any CPU
		{D4B1D307-FFAD-4F34-87FE-AC582D170C85}.Release|Any CPU.Build.0 = Release|Any CPU
		{13309CF3-6204-4613-BB4C-B3DAD536D159}.Debug|Any CPU.ActiveCfg = Debug|Any CPU
		{13309CF3-6204-4613-BB4C-B3DAD536D159}.Debug|Any CPU.Build.0 = Debug|Any CPU
		{13309CF3-6204-4613-BB4C-B3DAD536D159}.Release|Any CPU.ActiveCfg = Release|Any CPU
		{13309CF3-6204-4613-BB4C-B3DAD536D159}.Release|Any CPU.Build.0 = Release|Any CPU
		{150DEAD7-71C9-483A-A6E5-EF7F77C9446D}.Debug|Any CPU.ActiveCfg = Debug|Any CPU
		{150DEAD7-71C9-483A-A6E5-EF7F77C9446D}.Debug|Any CPU.Build.0 = Debug|Any CPU
		{150DEAD7-71C9-483A-A6E5-EF7F77C9446D}.Release|Any CPU.ActiveCfg = Release|Any CPU
		{150DEAD7-71C9-483A-A6E5-EF7F77C9446D}.Release|Any CPU.Build.0 = Release|Any CPU
		{2B383332-340A-43E9-985E-2AEAA5F58E16}.Debug|Any CPU.ActiveCfg = Debug|Any CPU
		{2B383332-340A-43E9-985E-2AEAA5F58E16}.Debug|Any CPU.Build.0 = Debug|Any CPU
		{2B383332-340A-43E9-985E-2AEAA5F58E16}.Release|Any CPU.ActiveCfg = Release|Any CPU
		{2B383332-340A-43E9-985E-2AEAA5F58E16}.Release|Any CPU.Build.0 = Release|Any CPU
	EndGlobalSection
	GlobalSection(SolutionProperties) = preSolution
		HideSolutionNode = FALSE
	EndGlobalSection
	GlobalSection(NestedProjects) = preSolution
		{CDECD8D0-6FC5-4934-AB96-DF2A36BD323C} = {15E12418-E371-432C-B6D9-5670A6D9F979}
		{2B383332-340A-43E9-985E-2AEAA5F58E16} = {906761B1-A0A6-4F0F-96A0-0C34F5A7034D}
	EndGlobalSection
EndGlobal
