
Microsoft Visual Studio Solution File, Format Version 12.00
# Visual Studio 2013
VisualStudioVersion = 12.0.30501.0
MinimumVisualStudioVersion = 10.0.40219.1
Project("{FAE04EC0-301F-11D3-BF4B-00C04F79EFBC}") = "UILHost.Tests", "UILHost.Tests\UILHost.Tests.csproj", "{D4B1D307-FFAD-4F34-87FE-AC582D170C85}"
EndProject
Project("{2150E333-8FDC-42A3-9474-1A3956D46DE8}") = "PublishScripts", "PublishScripts", "{15E12418-E371-432C-B6D9-5670A6D9F979}"
	ProjectSection(SolutionItems) = preProject
		PublishScripts\AzureWebsitePublishModule.psm1 = PublishScripts\AzureWebsitePublishModule.psm1
		PublishScripts\Publish-WebApplicationWebsite.ps1 = PublishScripts\Publish-WebApplicationWebsite.ps1
	EndProjectSection
EndProject
Project("{2150E333-8FDC-42A3-9474-1A3956D46DE8}") = "Configurations", "Configurations", "{CDECD8D0-6FC5-4934-AB96-DF2A36BD323C}"
	ProjectSection(SolutionItems) = preProject
		PublishScripts\Configurations\UILHost-WAWS-dev.json = PublishScripts\Configurations\UILHost-WAWS-dev.json
	EndProjectSection
EndProject
Project("{FAE04EC0-301F-11D3-BF4B-00C04F79EFBC}") = "UILHost.Infrastructure", "UILHost.Infrastructure\UILHost.Infrastructure.csproj", "{13309CF3-6204-4613-BB4C-B3DAD536D159}"
EndProject
Project("{FAE04EC0-301F-11D3-BF4B-00C04F79EFBC}") = "UILHost.Web", "UILHost.Web\UILHost.Web.csproj", "{150DEAD7-71C9-483A-A6E5-EF7F77C9446D}"
EndProject
Project("{2150E333-8FDC-42A3-9474-1A3956D46DE8}") = "Framework", "Framework", "{906761B1-A0A6-4F0F-96A0-0C34F5A7034D}"
EndProject
Project("{FAE04EC0-301F-11D3-BF4B-00C04F79EFBC}") = "UILHost.Common", "UILHost.Common\UILHost.Common.csproj", "{AB3F9C5A-26AF-45CE-9CA0-C2BD785DEEAA}"
EndProject
Project("{FAE04EC0-301F-11D3-BF4B-00C04F79EFBC}") = "UILHost.Patterns.Repository", "UILHost.Patterns.Repository\UILHost.Patterns.Repository.csproj", "{EDDA341F-7433-4B45-882D-04DAB731CB3C}"
EndProject
Project("{FAE04EC0-301F-11D3-BF4B-00C04F79EFBC}") = "UILHost.Patterns.Repository.EF6", "UILHost.Patterns.Repository.EF6\UILHost.Patterns.Repository.EF6.csproj", "{52222E57-D1B1-422E-8F33-621B0B4A0A5A}"
EndProject
Project("{FAE04EC0-301F-11D3-BF4B-00C04F79EFBC}") = "UILHost.Patterns.Service", "UILHost.Patterns.Service\UILHost.Patterns.Service.csproj", "{3752F79E-B118-49B1-A436-4F70F88835ED}"
EndProject
Global
	GlobalSection(SolutionConfigurationPlatforms) = preSolution
		Debug|Any CPU = Debug|Any CPU
		Development|Any CPU = Development|Any CPU
		LocalServices|Any CPU = LocalServices|Any CPU
		QA|Any CPU = QA|Any CPU
		Release|Any CPU = Release|Any CPU
	EndGlobalSection
	GlobalSection(ProjectConfigurationPlatforms) = postSolution
		{D4B1D307-FFAD-4F34-87FE-AC582D170C85}.Debug|Any CPU.ActiveCfg = Debug|Any CPU
		{D4B1D307-FFAD-4F34-87FE-AC582D170C85}.Debug|Any CPU.Build.0 = Debug|Any CPU
		{D4B1D307-FFAD-4F34-87FE-AC582D170C85}.Development|Any CPU.ActiveCfg = Debug|Any CPU
		{D4B1D307-FFAD-4F34-87FE-AC582D170C85}.Development|Any CPU.Build.0 = Debug|Any CPU
		{D4B1D307-FFAD-4F34-87FE-AC582D170C85}.LocalServices|Any CPU.ActiveCfg = Release|Any CPU
		{D4B1D307-FFAD-4F34-87FE-AC582D170C85}.LocalServices|Any CPU.Build.0 = Release|Any CPU
		{D4B1D307-FFAD-4F34-87FE-AC582D170C85}.QA|Any CPU.ActiveCfg = Release|Any CPU
		{D4B1D307-FFAD-4F34-87FE-AC582D170C85}.QA|Any CPU.Build.0 = Release|Any CPU
		{D4B1D307-FFAD-4F34-87FE-AC582D170C85}.Release|Any CPU.ActiveCfg = Release|Any CPU
		{D4B1D307-FFAD-4F34-87FE-AC582D170C85}.Release|Any CPU.Build.0 = Release|Any CPU
		{13309CF3-6204-4613-BB4C-B3DAD536D159}.Debug|Any CPU.ActiveCfg = Debug|Any CPU
		{13309CF3-6204-4613-BB4C-B3DAD536D159}.Debug|Any CPU.Build.0 = Debug|Any CPU
		{13309CF3-6204-4613-BB4C-B3DAD536D159}.Development|Any CPU.ActiveCfg = Debug|Any CPU
		{13309CF3-6204-4613-BB4C-B3DAD536D159}.Development|Any CPU.Build.0 = Debug|Any CPU
		{13309CF3-6204-4613-BB4C-B3DAD536D159}.LocalServices|Any CPU.ActiveCfg = Release|Any CPU
		{13309CF3-6204-4613-BB4C-B3DAD536D159}.LocalServices|Any CPU.Build.0 = Release|Any CPU
		{13309CF3-6204-4613-BB4C-B3DAD536D159}.QA|Any CPU.ActiveCfg = Release|Any CPU
		{13309CF3-6204-4613-BB4C-B3DAD536D159}.QA|Any CPU.Build.0 = Release|Any CPU
		{13309CF3-6204-4613-BB4C-B3DAD536D159}.Release|Any CPU.ActiveCfg = Release|Any CPU
		{13309CF3-6204-4613-BB4C-B3DAD536D159}.Release|Any CPU.Build.0 = Release|Any CPU
		{150DEAD7-71C9-483A-A6E5-EF7F77C9446D}.Debug|Any CPU.ActiveCfg = Debug|Any CPU
		{150DEAD7-71C9-483A-A6E5-EF7F77C9446D}.Debug|Any CPU.Build.0 = Debug|Any CPU
		{150DEAD7-71C9-483A-A6E5-EF7F77C9446D}.Development|Any CPU.ActiveCfg = Debug|Any CPU
		{150DEAD7-71C9-483A-A6E5-EF7F77C9446D}.Development|Any CPU.Build.0 = Debug|Any CPU
		{150DEAD7-71C9-483A-A6E5-EF7F77C9446D}.LocalServices|Any CPU.ActiveCfg = Release|Any CPU
		{150DEAD7-71C9-483A-A6E5-EF7F77C9446D}.LocalServices|Any CPU.Build.0 = Release|Any CPU
		{150DEAD7-71C9-483A-A6E5-EF7F77C9446D}.QA|Any CPU.ActiveCfg = Release|Any CPU
		{150DEAD7-71C9-483A-A6E5-EF7F77C9446D}.QA|Any CPU.Build.0 = Release|Any CPU
		{150DEAD7-71C9-483A-A6E5-EF7F77C9446D}.Release|Any CPU.ActiveCfg = Release|Any CPU
		{150DEAD7-71C9-483A-A6E5-EF7F77C9446D}.Release|Any CPU.Build.0 = Release|Any CPU
		{AB3F9C5A-26AF-45CE-9CA0-C2BD785DEEAA}.Debug|Any CPU.ActiveCfg = Debug|Any CPU
		{AB3F9C5A-26AF-45CE-9CA0-C2BD785DEEAA}.Debug|Any CPU.Build.0 = Debug|Any CPU
		{AB3F9C5A-26AF-45CE-9CA0-C2BD785DEEAA}.Development|Any CPU.ActiveCfg = Debug|Any CPU
		{AB3F9C5A-26AF-45CE-9CA0-C2BD785DEEAA}.Development|Any CPU.Build.0 = Debug|Any CPU
		{AB3F9C5A-26AF-45CE-9CA0-C2BD785DEEAA}.LocalServices|Any CPU.ActiveCfg = Release|Any CPU
		{AB3F9C5A-26AF-45CE-9CA0-C2BD785DEEAA}.LocalServices|Any CPU.Build.0 = Release|Any CPU
		{AB3F9C5A-26AF-45CE-9CA0-C2BD785DEEAA}.QA|Any CPU.ActiveCfg = Release|Any CPU
		{AB3F9C5A-26AF-45CE-9CA0-C2BD785DEEAA}.QA|Any CPU.Build.0 = Release|Any CPU
		{AB3F9C5A-26AF-45CE-9CA0-C2BD785DEEAA}.Release|Any CPU.ActiveCfg = Release|Any CPU
		{AB3F9C5A-26AF-45CE-9CA0-C2BD785DEEAA}.Release|Any CPU.Build.0 = Release|Any CPU
		{EDDA341F-7433-4B45-882D-04DAB731CB3C}.Debug|Any CPU.ActiveCfg = Debug|Any CPU
		{EDDA341F-7433-4B45-882D-04DAB731CB3C}.Debug|Any CPU.Build.0 = Debug|Any CPU
		{EDDA341F-7433-4B45-882D-04DAB731CB3C}.Development|Any CPU.ActiveCfg = Debug|Any CPU
		{EDDA341F-7433-4B45-882D-04DAB731CB3C}.Development|Any CPU.Build.0 = Debug|Any CPU
		{EDDA341F-7433-4B45-882D-04DAB731CB3C}.LocalServices|Any CPU.ActiveCfg = Release|Any CPU
		{EDDA341F-7433-4B45-882D-04DAB731CB3C}.LocalServices|Any CPU.Build.0 = Release|Any CPU
		{EDDA341F-7433-4B45-882D-04DAB731CB3C}.QA|Any CPU.ActiveCfg = Release|Any CPU
		{EDDA341F-7433-4B45-882D-04DAB731CB3C}.QA|Any CPU.Build.0 = Release|Any CPU
		{EDDA341F-7433-4B45-882D-04DAB731CB3C}.Release|Any CPU.ActiveCfg = Release|Any CPU
		{EDDA341F-7433-4B45-882D-04DAB731CB3C}.Release|Any CPU.Build.0 = Release|Any CPU
		{52222E57-D1B1-422E-8F33-621B0B4A0A5A}.Debug|Any CPU.ActiveCfg = Debug|Any CPU
		{52222E57-D1B1-422E-8F33-621B0B4A0A5A}.Debug|Any CPU.Build.0 = Debug|Any CPU
		{52222E57-D1B1-422E-8F33-621B0B4A0A5A}.Development|Any CPU.ActiveCfg = Debug|Any CPU
		{52222E57-D1B1-422E-8F33-621B0B4A0A5A}.Development|Any CPU.Build.0 = Debug|Any CPU
		{52222E57-D1B1-422E-8F33-621B0B4A0A5A}.LocalServices|Any CPU.ActiveCfg = Release|Any CPU
		{52222E57-D1B1-422E-8F33-621B0B4A0A5A}.LocalServices|Any CPU.Build.0 = Release|Any CPU
		{52222E57-D1B1-422E-8F33-621B0B4A0A5A}.QA|Any CPU.ActiveCfg = Release|Any CPU
		{52222E57-D1B1-422E-8F33-621B0B4A0A5A}.QA|Any CPU.Build.0 = Release|Any CPU
		{52222E57-D1B1-422E-8F33-621B0B4A0A5A}.Release|Any CPU.ActiveCfg = Release|Any CPU
		{52222E57-D1B1-422E-8F33-621B0B4A0A5A}.Release|Any CPU.Build.0 = Release|Any CPU
		{3752F79E-B118-49B1-A436-4F70F88835ED}.Debug|Any CPU.ActiveCfg = Debug|Any CPU
		{3752F79E-B118-49B1-A436-4F70F88835ED}.Debug|Any CPU.Build.0 = Debug|Any CPU
		{3752F79E-B118-49B1-A436-4F70F88835ED}.Development|Any CPU.ActiveCfg = Debug|Any CPU
		{3752F79E-B118-49B1-A436-4F70F88835ED}.Development|Any CPU.Build.0 = Debug|Any CPU
		{3752F79E-B118-49B1-A436-4F70F88835ED}.LocalServices|Any CPU.ActiveCfg = Release|Any CPU
		{3752F79E-B118-49B1-A436-4F70F88835ED}.LocalServices|Any CPU.Build.0 = Release|Any CPU
		{3752F79E-B118-49B1-A436-4F70F88835ED}.QA|Any CPU.ActiveCfg = Release|Any CPU
		{3752F79E-B118-49B1-A436-4F70F88835ED}.QA|Any CPU.Build.0 = Release|Any CPU
		{3752F79E-B118-49B1-A436-4F70F88835ED}.Release|Any CPU.ActiveCfg = Release|Any CPU
		{3752F79E-B118-49B1-A436-4F70F88835ED}.Release|Any CPU.Build.0 = Release|Any CPU
	EndGlobalSection
	GlobalSection(SolutionProperties) = preSolution
		HideSolutionNode = FALSE
	EndGlobalSection
	GlobalSection(NestedProjects) = preSolution
		{CDECD8D0-6FC5-4934-AB96-DF2A36BD323C} = {15E12418-E371-432C-B6D9-5670A6D9F979}
		{AB3F9C5A-26AF-45CE-9CA0-C2BD785DEEAA} = {906761B1-A0A6-4F0F-96A0-0C34F5A7034D}
		{EDDA341F-7433-4B45-882D-04DAB731CB3C} = {906761B1-A0A6-4F0F-96A0-0C34F5A7034D}
		{52222E57-D1B1-422E-8F33-621B0B4A0A5A} = {906761B1-A0A6-4F0F-96A0-0C34F5A7034D}
		{3752F79E-B118-49B1-A436-4F70F88835ED} = {906761B1-A0A6-4F0F-96A0-0C34F5A7034D}
	EndGlobalSection
EndGlobal
